
Microsoft Visual Studio Solution File, Format Version 12.00
# Visual Studio 2012
Project("{FAE04EC0-301F-11D3-BF4B-00C04F79EFBC}") = "overlay_test_two", "overlay_test_two\overlay_test_two.csproj", "{A83CBB6D-2E38-4FC2-90EC-5B87421E37AB}"
EndProject
Global
	GlobalSection(SolutionConfigurationPlatforms) = preSolution
		Debug|Any CPU = Debug|Any CPU
		Debug|ARM = Debug|ARM
		Debug|x64 = Debug|x64
		Debug|x86 = Debug|x86
		Release|Any CPU = Release|Any CPU
		Release|ARM = Release|ARM
		Release|x64 = Release|x64
		Release|x86 = Release|x86
	EndGlobalSection
	GlobalSection(ProjectConfigurationPlatforms) = postSolution
		{A83CBB6D-2E38-4FC2-90EC-5B87421E37AB}.Debug|Any CPU.ActiveCfg = Debug|Any CPU
		{A83CBB6D-2E38-4FC2-90EC-5B87421E37AB}.Debug|Any CPU.Build.0 = Debug|Any CPU
		{A83CBB6D-2E38-4FC2-90EC-5B87421E37AB}.Debug|Any CPU.Deploy.0 = Debug|Any CPU
		{A83CBB6D-2E38-4FC2-90EC-5B87421E37AB}.Debug|ARM.ActiveCfg = Debug|ARM
		{A83CBB6D-2E38-4FC2-90EC-5B87421E37AB}.Debug|ARM.Build.0 = Debug|ARM
		{A83CBB6D-2E38-4FC2-90EC-5B87421E37AB}.Debug|ARM.Deploy.0 = Debug|ARM
		{A83CBB6D-2E38-4FC2-90EC-5B87421E37AB}.Debug|x64.ActiveCfg = Debug|x86
		{A83CBB6D-2E38-4FC2-90EC-5B87421E37AB}.Debug|x64.Build.0 = Debug|x86
		{A83CBB6D-2E38-4FC2-90EC-5B87421E37AB}.Debug|x64.Deploy.0 = Debug|x86
		{A83CBB6D-2E38-4FC2-90EC-5B87421E37AB}.Debug|x86.ActiveCfg = Debug|x86
		{A83CBB6D-2E38-4FC2-90EC-5B87421E37AB}.Debug|x86.Build.0 = Debug|x86
		{A83CBB6D-2E38-4FC2-90EC-5B87421E37AB}.Debug|x86.Deploy.0 = Debug|x86
		{A83CBB6D-2E38-4FC2-90EC-5B87421E37AB}.Release|Any CPU.ActiveCfg = Release|Any CPU
		{A83CBB6D-2E38-4FC2-90EC-5B87421E37AB}.Release|Any CPU.Build.0 = Release|Any CPU
		{A83CBB6D-2E38-4FC2-90EC-5B87421E37AB}.Release|Any CPU.Deploy.0 = Release|Any CPU
		{A83CBB6D-2E38-4FC2-90EC-5B87421E37AB}.Release|ARM.ActiveCfg = Release|ARM
		{A83CBB6D-2E38-4FC2-90EC-5B87421E37AB}.Release|ARM.Build.0 = Release|ARM
		{A83CBB6D-2E38-4FC2-90EC-5B87421E37AB}.Release|ARM.Deploy.0 = Release|ARM
		{A83CBB6D-2E38-4FC2-90EC-5B87421E37AB}.Release|x64.ActiveCfg = Release|x64
		{A83CBB6D-2E38-4FC2-90EC-5B87421E37AB}.Release|x64.Build.0 = Release|x64
		{A83CBB6D-2E38-4FC2-90EC-5B87421E37AB}.Release|x64.Deploy.0 = Release|x64
		{A83CBB6D-2E38-4FC2-90EC-5B87421E37AB}.Release|x86.ActiveCfg = Release|x86
		{A83CBB6D-2E38-4FC2-90EC-5B87421E37AB}.Release|x86.Build.0 = Release|x86
		{A83CBB6D-2E38-4FC2-90EC-5B87421E37AB}.Release|x86.Deploy.0 = Release|x86
	EndGlobalSection
	GlobalSection(SolutionProperties) = preSolution
		HideSolutionNode = FALSE
	EndGlobalSection
EndGlobal
